{
  "name": "toaster",
  "version": "1.0.0",
  "lockfileVersion": 1,
  "requires": true,
  "dependencies": {
    "@foragefox/page-builder-util": {
      "version": "1.0.4",
      "resolved": "https://registry.npmjs.org/@foragefox/page-builder-util/-/page-builder-util-1.0.4.tgz",
      "integrity": "sha512-EsFm609rqRG2uCcGrqobyV3MjEgGIeIQ4r6yLBeK4xotY1o0+vrVk2sOfB+fLCab1WnObZ4T/yIxxAeXdRoKcw=="
    }
  }
}
